
Microsoft Visual Studio Solution File, Format Version 12.00
# Visual Studio Version 17
VisualStudioVersion = 17.4.32804.182
MinimumVisualStudioVersion = 10.0.40219.1
Project("{FAE04EC0-301F-11D3-BF4B-00C04F79EFBC}") = "WebApplication1", "WebApplication1\WebApplication1.csproj", "{77251615-AF2C-403B-A591-FD742EC7D646}"
EndProject
Global
	GlobalSection(SolutionConfigurationPlatforms) = preSolution
		Debug|Any CPU = Debug|Any CPU
		Release|Any CPU = Release|Any CPU
	EndGlobalSection
	GlobalSection(ProjectConfigurationPlatforms) = postSolution
		{77251615-AF2C-403B-A591-FD742EC7D646}.Debug|Any CPU.ActiveCfg = Debug|Any CPU
		{77251615-AF2C-403B-A591-FD742EC7D646}.Debug|Any CPU.Build.0 = Debug|Any CPU
		{77251615-AF2C-403B-A591-FD742EC7D646}.Release|Any CPU.ActiveCfg = Release|Any CPU
		{77251615-AF2C-403B-A591-FD742EC7D646}.Release|Any CPU.Build.0 = Release|Any CPU
	EndGlobalSection
	GlobalSection(SolutionProperties) = preSolution
		HideSolutionNode = FALSE
	EndGlobalSection
	GlobalSection(ExtensibilityGlobals) = postSolution
		SolutionGuid = {35E95206-B752-4363-981D-E1C7477312E1}
	EndGlobalSection
EndGlobal
