
Microsoft Visual Studio Solution File, Format Version 12.00
# Visual Studio Version 17
VisualStudioVersion = 17.4.33027.239
MinimumVisualStudioVersion = 10.0.40219.1
Project("{9A19103F-16F7-4668-BE54-9A1E7A4F7556}") = "BookStore.Api", "BookStore.Api\BookStore.Api.csproj", "{E72CF1BC-888E-48FF-8B06-47180F4478E9}"
EndProject
Project("{9A19103F-16F7-4668-BE54-9A1E7A4F7556}") = "BookStore.Repository", "BookStore.Repository\BookStore.Repository.csproj", "{1609A381-12FB-41AF-8ABF-C3007C936758}"
EndProject
Project("{FAE04EC0-301F-11D3-BF4B-00C04F79EFBC}") = "Bookstore.FrontEnd", "Bookstore.FrontEnd\Bookstore.FrontEnd.csproj", "{7CBCD7F7-8584-41BB-A5CF-2A3BAD4EB04C}"
EndProject
Global
	GlobalSection(SolutionConfigurationPlatforms) = preSolution
		Debug|Any CPU = Debug|Any CPU
		Release|Any CPU = Release|Any CPU
	EndGlobalSection
	GlobalSection(ProjectConfigurationPlatforms) = postSolution
		{E72CF1BC-888E-48FF-8B06-47180F4478E9}.Debug|Any CPU.ActiveCfg = Debug|Any CPU
		{E72CF1BC-888E-48FF-8B06-47180F4478E9}.Debug|Any CPU.Build.0 = Debug|Any CPU
		{E72CF1BC-888E-48FF-8B06-47180F4478E9}.Release|Any CPU.ActiveCfg = Release|Any CPU
		{E72CF1BC-888E-48FF-8B06-47180F4478E9}.Release|Any CPU.Build.0 = Release|Any CPU
		{1609A381-12FB-41AF-8ABF-C3007C936758}.Debug|Any CPU.ActiveCfg = Debug|Any CPU
		{1609A381-12FB-41AF-8ABF-C3007C936758}.Debug|Any CPU.Build.0 = Debug|Any CPU
		{1609A381-12FB-41AF-8ABF-C3007C936758}.Release|Any CPU.ActiveCfg = Release|Any CPU
		{1609A381-12FB-41AF-8ABF-C3007C936758}.Release|Any CPU.Build.0 = Release|Any CPU
		{7CBCD7F7-8584-41BB-A5CF-2A3BAD4EB04C}.Debug|Any CPU.ActiveCfg = Debug|Any CPU
		{7CBCD7F7-8584-41BB-A5CF-2A3BAD4EB04C}.Debug|Any CPU.Build.0 = Debug|Any CPU
		{7CBCD7F7-8584-41BB-A5CF-2A3BAD4EB04C}.Release|Any CPU.ActiveCfg = Release|Any CPU
		{7CBCD7F7-8584-41BB-A5CF-2A3BAD4EB04C}.Release|Any CPU.Build.0 = Release|Any CPU
	EndGlobalSection
	GlobalSection(SolutionProperties) = preSolution
		HideSolutionNode = FALSE
	EndGlobalSection
	GlobalSection(ExtensibilityGlobals) = postSolution
		SolutionGuid = {43C9DF90-BFE4-4E04-823F-E489819DBBB2}
	EndGlobalSection
EndGlobal
